
Microsoft Visual Studio Solution File, Format Version 11.00
# Visual Studio 2010
Project("{FAE04EC0-301F-11D3-BF4B-00C04F79EFBC}") = "Assembly-CSharp", "Assembly-CSharp.csproj", "{D80AC983-5BE7-58AD-995E-1A5035B50B1E}"
EndProject
Project("{FAE04EC0-301F-11D3-BF4B-00C04F79EFBC}") = "Assembly-CSharp-firstpass", "Assembly-CSharp-firstpass.csproj", "{F43C0293-71BE-D46D-AD53-EE0B2F4E3082}"
EndProject
Project("{FAE04EC0-301F-11D3-BF4B-00C04F79EFBC}") = "ZFBrowser", "ZFBrowser.csproj", "{2827315A-363E-F321-67ED-DB31491EA9AE}"
EndProject
Project("{FAE04EC0-301F-11D3-BF4B-00C04F79EFBC}") = "SteamVR", "SteamVR.csproj", "{33A7E1BA-FFEE-599F-88FC-1566FF578886}"
EndProject
Project("{FAE04EC0-301F-11D3-BF4B-00C04F79EFBC}") = "CIHttpClient", "CIHttpClient.csproj", "{6D91A7A1-4691-D997-765D-4A84752022B9}"
EndProject
Project("{FAE04EC0-301F-11D3-BF4B-00C04F79EFBC}") = "SmartHospital", "SmartHospital.csproj", "{B1EE7FF2-3556-FE96-D2DF-9044FCB1A359}"
EndProject
Project("{FAE04EC0-301F-11D3-BF4B-00C04F79EFBC}") = "NavMeshComponents", "NavMeshComponents.csproj", "{7E7A0B5E-EF2D-270F-2321-FAEE56863F59}"
EndProject
Project("{FAE04EC0-301F-11D3-BF4B-00C04F79EFBC}") = "SteamVR_Actions", "SteamVR_Actions.csproj", "{ADCE3579-B770-2BE8-53DB-760DB96D0944}"
EndProject
Project("{FAE04EC0-301F-11D3-BF4B-00C04F79EFBC}") = "Assembly-CSharp-Editor", "Assembly-CSharp-Editor.csproj", "{9052C3EC-002A-3CCC-528F-46E9EC65DEFF}"
EndProject
Project("{FAE04EC0-301F-11D3-BF4B-00C04F79EFBC}") = "Assembly-CSharp-Editor-firstpass", "Assembly-CSharp-Editor-firstpass.csproj", "{BAF89A18-261C-57EB-4520-DCA926B3F880}"
EndProject
Project("{FAE04EC0-301F-11D3-BF4B-00C04F79EFBC}") = "SteamVR_Editor", "SteamVR_Editor.csproj", "{4C56D88E-4B31-34B7-77BF-590B1B618FAE}"
EndProject
Project("{FAE04EC0-301F-11D3-BF4B-00C04F79EFBC}") = "NavMeshComponentsEditor", "NavMeshComponentsEditor.csproj", "{5CCF18EE-4749-A0EB-BBD3-97EE6896C98E}"
EndProject
Project("{FAE04EC0-301F-11D3-BF4B-00C04F79EFBC}") = "ZFBrowser-Editor", "ZFBrowser-Editor.csproj", "{A30D688A-2BD8-2051-A8F3-4F741A578DAB}"
EndProject
Project("{FAE04EC0-301F-11D3-BF4B-00C04F79EFBC}") = "SteamVR_Input_Editor", "SteamVR_Input_Editor.csproj", "{518C0E3C-9A08-DC92-0A19-646B9B2B5B46}"
EndProject
Project("{FAE04EC0-301F-11D3-BF4B-00C04F79EFBC}") = "SteamVR_Windows_EditorHelper", "SteamVR_Windows_EditorHelper.csproj", "{21509427-0639-D0F6-1D0E-A62EBE3A2346}"
EndProject
Global
	GlobalSection(SolutionConfigurationPlatforms) = preSolution
		Debug|Any CPU = Debug|Any CPU
		Release|Any CPU = Release|Any CPU
	EndGlobalSection
	GlobalSection(ProjectConfigurationPlatforms) = postSolution
		{D80AC983-5BE7-58AD-995E-1A5035B50B1E}.Debug|Any CPU.ActiveCfg = Debug|Any CPU
		{D80AC983-5BE7-58AD-995E-1A5035B50B1E}.Debug|Any CPU.Build.0 = Debug|Any CPU
		{D80AC983-5BE7-58AD-995E-1A5035B50B1E}.Release|Any CPU.ActiveCfg = Release|Any CPU
		{D80AC983-5BE7-58AD-995E-1A5035B50B1E}.Release|Any CPU.Build.0 = Release|Any CPU
		{F43C0293-71BE-D46D-AD53-EE0B2F4E3082}.Debug|Any CPU.ActiveCfg = Debug|Any CPU
		{F43C0293-71BE-D46D-AD53-EE0B2F4E3082}.Debug|Any CPU.Build.0 = Debug|Any CPU
		{F43C0293-71BE-D46D-AD53-EE0B2F4E3082}.Release|Any CPU.ActiveCfg = Release|Any CPU
		{F43C0293-71BE-D46D-AD53-EE0B2F4E3082}.Release|Any CPU.Build.0 = Release|Any CPU
		{2827315A-363E-F321-67ED-DB31491EA9AE}.Debug|Any CPU.ActiveCfg = Debug|Any CPU
		{2827315A-363E-F321-67ED-DB31491EA9AE}.Debug|Any CPU.Build.0 = Debug|Any CPU
		{2827315A-363E-F321-67ED-DB31491EA9AE}.Release|Any CPU.ActiveCfg = Release|Any CPU
		{2827315A-363E-F321-67ED-DB31491EA9AE}.Release|Any CPU.Build.0 = Release|Any CPU
		{33A7E1BA-FFEE-599F-88FC-1566FF578886}.Debug|Any CPU.ActiveCfg = Debug|Any CPU
		{33A7E1BA-FFEE-599F-88FC-1566FF578886}.Debug|Any CPU.Build.0 = Debug|Any CPU
		{33A7E1BA-FFEE-599F-88FC-1566FF578886}.Release|Any CPU.ActiveCfg = Release|Any CPU
		{33A7E1BA-FFEE-599F-88FC-1566FF578886}.Release|Any CPU.Build.0 = Release|Any CPU
		{6D91A7A1-4691-D997-765D-4A84752022B9}.Debug|Any CPU.ActiveCfg = Debug|Any CPU
		{6D91A7A1-4691-D997-765D-4A84752022B9}.Debug|Any CPU.Build.0 = Debug|Any CPU
		{6D91A7A1-4691-D997-765D-4A84752022B9}.Release|Any CPU.ActiveCfg = Release|Any CPU
		{6D91A7A1-4691-D997-765D-4A84752022B9}.Release|Any CPU.Build.0 = Release|Any CPU
		{B1EE7FF2-3556-FE96-D2DF-9044FCB1A359}.Debug|Any CPU.ActiveCfg = Debug|Any CPU
		{B1EE7FF2-3556-FE96-D2DF-9044FCB1A359}.Debug|Any CPU.Build.0 = Debug|Any CPU
		{B1EE7FF2-3556-FE96-D2DF-9044FCB1A359}.Release|Any CPU.ActiveCfg = Release|Any CPU
		{B1EE7FF2-3556-FE96-D2DF-9044FCB1A359}.Release|Any CPU.Build.0 = Release|Any CPU
		{7E7A0B5E-EF2D-270F-2321-FAEE56863F59}.Debug|Any CPU.ActiveCfg = Debug|Any CPU
		{7E7A0B5E-EF2D-270F-2321-FAEE56863F59}.Debug|Any CPU.Build.0 = Debug|Any CPU
		{7E7A0B5E-EF2D-270F-2321-FAEE56863F59}.Release|Any CPU.ActiveCfg = Release|Any CPU
		{7E7A0B5E-EF2D-270F-2321-FAEE56863F59}.Release|Any CPU.Build.0 = Release|Any CPU
		{ADCE3579-B770-2BE8-53DB-760DB96D0944}.Debug|Any CPU.ActiveCfg = Debug|Any CPU
		{ADCE3579-B770-2BE8-53DB-760DB96D0944}.Debug|Any CPU.Build.0 = Debug|Any CPU
		{ADCE3579-B770-2BE8-53DB-760DB96D0944}.Release|Any CPU.ActiveCfg = Release|Any CPU
		{ADCE3579-B770-2BE8-53DB-760DB96D0944}.Release|Any CPU.Build.0 = Release|Any CPU
		{9052C3EC-002A-3CCC-528F-46E9EC65DEFF}.Debug|Any CPU.ActiveCfg = Debug|Any CPU
		{9052C3EC-002A-3CCC-528F-46E9EC65DEFF}.Debug|Any CPU.Build.0 = Debug|Any CPU
		{9052C3EC-002A-3CCC-528F-46E9EC65DEFF}.Release|Any CPU.ActiveCfg = Release|Any CPU
		{9052C3EC-002A-3CCC-528F-46E9EC65DEFF}.Release|Any CPU.Build.0 = Release|Any CPU
		{BAF89A18-261C-57EB-4520-DCA926B3F880}.Debug|Any CPU.ActiveCfg = Debug|Any CPU
		{BAF89A18-261C-57EB-4520-DCA926B3F880}.Debug|Any CPU.Build.0 = Debug|Any CPU
		{BAF89A18-261C-57EB-4520-DCA926B3F880}.Release|Any CPU.ActiveCfg = Release|Any CPU
		{BAF89A18-261C-57EB-4520-DCA926B3F880}.Release|Any CPU.Build.0 = Release|Any CPU
		{4C56D88E-4B31-34B7-77BF-590B1B618FAE}.Debug|Any CPU.ActiveCfg = Debug|Any CPU
		{4C56D88E-4B31-34B7-77BF-590B1B618FAE}.Debug|Any CPU.Build.0 = Debug|Any CPU
		{4C56D88E-4B31-34B7-77BF-590B1B618FAE}.Release|Any CPU.ActiveCfg = Release|Any CPU
		{4C56D88E-4B31-34B7-77BF-590B1B618FAE}.Release|Any CPU.Build.0 = Release|Any CPU
		{5CCF18EE-4749-A0EB-BBD3-97EE6896C98E}.Debug|Any CPU.ActiveCfg = Debug|Any CPU
		{5CCF18EE-4749-A0EB-BBD3-97EE6896C98E}.Debug|Any CPU.Build.0 = Debug|Any CPU
		{5CCF18EE-4749-A0EB-BBD3-97EE6896C98E}.Release|Any CPU.ActiveCfg = Release|Any CPU
		{5CCF18EE-4749-A0EB-BBD3-97EE6896C98E}.Release|Any CPU.Build.0 = Release|Any CPU
		{A30D688A-2BD8-2051-A8F3-4F741A578DAB}.Debug|Any CPU.ActiveCfg = Debug|Any CPU
		{A30D688A-2BD8-2051-A8F3-4F741A578DAB}.Debug|Any CPU.Build.0 = Debug|Any CPU
		{A30D688A-2BD8-2051-A8F3-4F741A578DAB}.Release|Any CPU.ActiveCfg = Release|Any CPU
		{A30D688A-2BD8-2051-A8F3-4F741A578DAB}.Release|Any CPU.Build.0 = Release|Any CPU
		{518C0E3C-9A08-DC92-0A19-646B9B2B5B46}.Debug|Any CPU.ActiveCfg = Debug|Any CPU
		{518C0E3C-9A08-DC92-0A19-646B9B2B5B46}.Debug|Any CPU.Build.0 = Debug|Any CPU
		{518C0E3C-9A08-DC92-0A19-646B9B2B5B46}.Release|Any CPU.ActiveCfg = Release|Any CPU
		{518C0E3C-9A08-DC92-0A19-646B9B2B5B46}.Release|Any CPU.Build.0 = Release|Any CPU
		{21509427-0639-D0F6-1D0E-A62EBE3A2346}.Debug|Any CPU.ActiveCfg = Debug|Any CPU
		{21509427-0639-D0F6-1D0E-A62EBE3A2346}.Debug|Any CPU.Build.0 = Debug|Any CPU
		{21509427-0639-D0F6-1D0E-A62EBE3A2346}.Release|Any CPU.ActiveCfg = Release|Any CPU
		{21509427-0639-D0F6-1D0E-A62EBE3A2346}.Release|Any CPU.Build.0 = Release|Any CPU
	EndGlobalSection
	GlobalSection(SolutionProperties) = preSolution
		HideSolutionNode = FALSE
	EndGlobalSection
EndGlobal
