
Microsoft Visual Studio Solution File, Format Version 11.00
# Visual Studio 2010
Project("{FAE04EC0-301F-11D3-BF4B-00C04F79EFBC}") = "Assembly-CSharp", "Assembly-CSharp.csproj", "{83c90ad8-e75b-ad58-995e-1a5035b50b1e}"
EndProject
Project("{FAE04EC0-301F-11D3-BF4B-00C04F79EFBC}") = "Assembly-CSharp-firstpass", "Assembly-CSharp-firstpass.csproj", "{93023cf4-be71-6dd4-ad53-ee0b2f4e3082}"
EndProject
Project("{FAE04EC0-301F-11D3-BF4B-00C04F79EFBC}") = "ZFBrowser", "ZFBrowser.csproj", "{5a312728-3e36-21f3-67ed-db31491ea9ae}"
EndProject
Project("{FAE04EC0-301F-11D3-BF4B-00C04F79EFBC}") = "SteamVR", "SteamVR.csproj", "{bae1a733-eeff-9f59-88fc-1566ff578886}"
EndProject
Project("{FAE04EC0-301F-11D3-BF4B-00C04F79EFBC}") = "CIHttpClient", "CIHttpClient.csproj", "{a1a7916d-9146-97d9-765d-4a84752022b9}"
EndProject
Project("{FAE04EC0-301F-11D3-BF4B-00C04F79EFBC}") = "SmartHospital", "SmartHospital.csproj", "{f27feeb1-5635-96fe-d2df-9044fcb1a359}"
EndProject
Project("{FAE04EC0-301F-11D3-BF4B-00C04F79EFBC}") = "NavMeshComponents", "NavMeshComponents.csproj", "{5e0b7a7e-2def-0f27-2321-faee56863f59}"
EndProject
Project("{FAE04EC0-301F-11D3-BF4B-00C04F79EFBC}") = "SteamVR_Actions", "SteamVR_Actions.csproj", "{7935cead-70b7-e82b-53db-760db96d0944}"
EndProject
Project("{FAE04EC0-301F-11D3-BF4B-00C04F79EFBC}") = "Assembly-CSharp-Editor", "Assembly-CSharp-Editor.csproj", "{ecc35290-2a00-cc3c-528f-46e9ec65deff}"
EndProject
Project("{FAE04EC0-301F-11D3-BF4B-00C04F79EFBC}") = "Assembly-CSharp-Editor-firstpass", "Assembly-CSharp-Editor-firstpass.csproj", "{189af8ba-1c26-eb57-4520-dca926b3f880}"
EndProject
Project("{FAE04EC0-301F-11D3-BF4B-00C04F79EFBC}") = "SteamVR_Editor", "SteamVR_Editor.csproj", "{8ed8564c-314b-b734-77bf-590b1b618fae}"
EndProject
Project("{FAE04EC0-301F-11D3-BF4B-00C04F79EFBC}") = "NavMeshComponentsEditor", "NavMeshComponentsEditor.csproj", "{ee18cf5c-4947-eba0-bbd3-97ee6896c98e}"
EndProject
Project("{FAE04EC0-301F-11D3-BF4B-00C04F79EFBC}") = "ZFBrowser-Editor", "ZFBrowser-Editor.csproj", "{8a680da3-d82b-5120-a8f3-4f741a578dab}"
EndProject
Project("{FAE04EC0-301F-11D3-BF4B-00C04F79EFBC}") = "SteamVR_Input_Editor", "SteamVR_Input_Editor.csproj", "{3c0e8c51-089a-92dc-0a19-646b9b2b5b46}"
EndProject
Project("{FAE04EC0-301F-11D3-BF4B-00C04F79EFBC}") = "SteamVR_Windows_EditorHelper", "SteamVR_Windows_EditorHelper.csproj", "{27945021-3906-f6d0-1d0e-a62ebe3a2346}"
EndProject
Global
	GlobalSection(SolutionConfigurationPlatforms) = preSolution
		Debug|Any CPU = Debug|Any CPU
	EndGlobalSection
	GlobalSection(ProjectConfigurationPlatforms) = postSolution
		{83c90ad8-e75b-ad58-995e-1a5035b50b1e}.Debug|Any CPU.ActiveCfg = Debug|Any CPU
		{83c90ad8-e75b-ad58-995e-1a5035b50b1e}.Debug|Any CPU.Build.0 = Debug|Any CPU
		{93023cf4-be71-6dd4-ad53-ee0b2f4e3082}.Debug|Any CPU.ActiveCfg = Debug|Any CPU
		{93023cf4-be71-6dd4-ad53-ee0b2f4e3082}.Debug|Any CPU.Build.0 = Debug|Any CPU
		{5a312728-3e36-21f3-67ed-db31491ea9ae}.Debug|Any CPU.ActiveCfg = Debug|Any CPU
		{5a312728-3e36-21f3-67ed-db31491ea9ae}.Debug|Any CPU.Build.0 = Debug|Any CPU
		{bae1a733-eeff-9f59-88fc-1566ff578886}.Debug|Any CPU.ActiveCfg = Debug|Any CPU
		{bae1a733-eeff-9f59-88fc-1566ff578886}.Debug|Any CPU.Build.0 = Debug|Any CPU
		{a1a7916d-9146-97d9-765d-4a84752022b9}.Debug|Any CPU.ActiveCfg = Debug|Any CPU
		{a1a7916d-9146-97d9-765d-4a84752022b9}.Debug|Any CPU.Build.0 = Debug|Any CPU
		{f27feeb1-5635-96fe-d2df-9044fcb1a359}.Debug|Any CPU.ActiveCfg = Debug|Any CPU
		{f27feeb1-5635-96fe-d2df-9044fcb1a359}.Debug|Any CPU.Build.0 = Debug|Any CPU
		{5e0b7a7e-2def-0f27-2321-faee56863f59}.Debug|Any CPU.ActiveCfg = Debug|Any CPU
		{5e0b7a7e-2def-0f27-2321-faee56863f59}.Debug|Any CPU.Build.0 = Debug|Any CPU
		{7935cead-70b7-e82b-53db-760db96d0944}.Debug|Any CPU.ActiveCfg = Debug|Any CPU
		{7935cead-70b7-e82b-53db-760db96d0944}.Debug|Any CPU.Build.0 = Debug|Any CPU
		{ecc35290-2a00-cc3c-528f-46e9ec65deff}.Debug|Any CPU.ActiveCfg = Debug|Any CPU
		{ecc35290-2a00-cc3c-528f-46e9ec65deff}.Debug|Any CPU.Build.0 = Debug|Any CPU
		{189af8ba-1c26-eb57-4520-dca926b3f880}.Debug|Any CPU.ActiveCfg = Debug|Any CPU
		{189af8ba-1c26-eb57-4520-dca926b3f880}.Debug|Any CPU.Build.0 = Debug|Any CPU
		{8ed8564c-314b-b734-77bf-590b1b618fae}.Debug|Any CPU.ActiveCfg = Debug|Any CPU
		{8ed8564c-314b-b734-77bf-590b1b618fae}.Debug|Any CPU.Build.0 = Debug|Any CPU
		{ee18cf5c-4947-eba0-bbd3-97ee6896c98e}.Debug|Any CPU.ActiveCfg = Debug|Any CPU
		{ee18cf5c-4947-eba0-bbd3-97ee6896c98e}.Debug|Any CPU.Build.0 = Debug|Any CPU
		{8a680da3-d82b-5120-a8f3-4f741a578dab}.Debug|Any CPU.ActiveCfg = Debug|Any CPU
		{8a680da3-d82b-5120-a8f3-4f741a578dab}.Debug|Any CPU.Build.0 = Debug|Any CPU
		{3c0e8c51-089a-92dc-0a19-646b9b2b5b46}.Debug|Any CPU.ActiveCfg = Debug|Any CPU
		{3c0e8c51-089a-92dc-0a19-646b9b2b5b46}.Debug|Any CPU.Build.0 = Debug|Any CPU
		{27945021-3906-f6d0-1d0e-a62ebe3a2346}.Debug|Any CPU.ActiveCfg = Debug|Any CPU
		{27945021-3906-f6d0-1d0e-a62ebe3a2346}.Debug|Any CPU.Build.0 = Debug|Any CPU
	EndGlobalSection
	GlobalSection(SolutionProperties) = preSolution
		HideSolutionNode = FALSE
	EndGlobalSection
EndGlobal
